<?xml version="1.0" encoding="utf-8"?>
<Project ToolsVersion="4.0" xmlns="http://schemas.microsoft.com/developer/msbuild/2003">
  <ItemGroup>
    <Filter Include="Source Files">
      <UniqueIdentifier>{4FC737F1-C7A5-4376-A066-2A32D752A2FF}</UniqueIdentifier>
      <Extensions>cpp;c;cc;cxx;c++;cppm;ixx;def;odl;idl;hpj;bat;asm;asmx</Extensions>
    </Filter>
    <Filter Include="Header Files">
      <UniqueIdentifier>{93995380-89BD-4b04-88EB-625FBE52EBFB}</UniqueIdentifier>
      <Extensions>h;hh;hpp;hxx;h++;hm;inl;inc;ipp;xsd</Extensions>
    </Filter>
    <Filter Include="Resource Files">
      <UniqueIdentifier>{67DA6AB6-F800-4c08-8B7A-83BB121AAD01}</UniqueIdentifier>
      <Extensions>rc;ico;cur;bmp;dlg;rc2;rct;bin;rgs;gif;jpg;jpeg;jpe;resx;tiff;tif;png;wav;mfcribbon-ms</Extensions>
    </Filter>
    <Filter Include="Header Files\AppData">
      <UniqueIdentifier>{ee628e85-fbb8-41b3-bbd6-2bd3fac2c242}</UniqueIdentifier>
    </Filter>
    <Filter Include="Header Files\GUI">
      <UniqueIdentifier>{7eccf3c2-840f-4076-aab2-131345caeee0}</UniqueIdentifier>
    </Filter>
    <Filter Include="Source Files\AppData">
      <UniqueIdentifier>{efd42003-1ece-4126-8f57-ae063cecc1e8}</UniqueIdentifier>
    </Filter>
    <Filter Include="Source Files\GUI">
      <UniqueIdentifier>{6b2de9df-a97e-4a33-90e4-e01abc539e30}</UniqueIdentifier>
    </Filter>
    <Filter Include="Header Files\GUI\Widgets">
      <UniqueIdentifier>{1994adc5-1e19-4876-948a-9331f89a5f8a}</UniqueIdentifier>
    </Filter>
    <Filter Include="Source Files\GUI\Widgets">
      <UniqueIdentifier>{4f7e01e1-5a45-45b1-8079-1fa52342c0b3}</UniqueIdentifier>
    </Filter>
    <Filter Include="Header Files\GUI\Widgets\Button">
      <UniqueIdentifier>{6c9e1657-415c-4a83-b322-bf2fe55f61eb}</UniqueIdentifier>
    </Filter>
    <Filter Include="Source Files\GUI\Widgets\Button">
      <UniqueIdentifier>{401752cc-7488-42fb-969b-e15f4ba2d952}</UniqueIdentifier>
    </Filter>
    <Filter Include="Header Files\GUI\Widgets\Text">
      <UniqueIdentifier>{5cc7c3e1-4a95-4086-b7f1-8d56f98986c3}</UniqueIdentifier>
    </Filter>
    <Filter Include="Source Files\GUI\Widgets\Text">
      <UniqueIdentifier>{3a7719b4-2d46-45de-ac02-17baa07cce4b}</UniqueIdentifier>
    </Filter>
    <Filter Include="Header Files\Menus">
      <UniqueIdentifier>{ae47fb71-13e5-444b-b48b-aa6de0bbb246}</UniqueIdentifier>
    </Filter>
    <Filter Include="Header Files\Menus\GameMenu">
      <UniqueIdentifier>{696ed31f-e113-41db-ad13-7c88580c6a64}</UniqueIdentifier>
    </Filter>
    <Filter Include="Header Files\Menus\InitMenu">
      <UniqueIdentifier>{ef360525-c510-4349-98d8-2d078e270ad4}</UniqueIdentifier>
    </Filter>
    <Filter Include="Header Files\Menus\MainMenu">
      <UniqueIdentifier>{611a14c2-3821-4ef7-ab7d-d253f6b25fe8}</UniqueIdentifier>
    </Filter>
    <Filter Include="Source Files\Menus">
      <UniqueIdentifier>{41755612-bfa3-4124-9732-74430f363c3e}</UniqueIdentifier>
    </Filter>
    <Filter Include="Source Files\Menus\GameMenu">
      <UniqueIdentifier>{b52420a0-e8d0-44c4-ace1-475861640b9c}</UniqueIdentifier>
    </Filter>
    <Filter Include="Source Files\Menus\MainMenu">
      <UniqueIdentifier>{67e3b50e-0f0b-4be3-8b1d-72126949e7c2}</UniqueIdentifier>
    </Filter>
    <Filter Include="Source Files\Menus\InitMenu">
      <UniqueIdentifier>{89f90ce3-c469-4529-972c-2f9f5e6cab34}</UniqueIdentifier>
    </Filter>
    <Filter Include="Source Files\Utilities">
      <UniqueIdentifier>{256e32ce-35ac-4a47-ad0e-b4cff292eb2c}</UniqueIdentifier>
    </Filter>
    <Filter Include="Header Files\Utilities">
      <UniqueIdentifier>{246168bb-efa1-461a-a838-403766cca2c9}</UniqueIdentifier>
    </Filter>
    <Filter Include="Header Files\Utilities\Math">
      <UniqueIdentifier>{cc43506e-212d-42f5-afa1-80ba84fe101a}</UniqueIdentifier>
    </Filter>
    <Filter Include="Source Files\Utilities\Math">
      <UniqueIdentifier>{f2b12a58-0eaf-4259-b2a0-a5b8d734e463}</UniqueIdentifier>
    </Filter>
    <Filter Include="Header Files\Utilities\STL">
      <UniqueIdentifier>{823c695e-f280-4f82-8ffb-4c47487c2355}</UniqueIdentifier>
    </Filter>
    <Filter Include="Source Files\Utilities\STL">
      <UniqueIdentifier>{8e39e189-bea2-45c8-8500-fcde7396fbd4}</UniqueIdentifier>
    </Filter>
    <Filter Include="Header Files\Utilities\SmartPtr">
      <UniqueIdentifier>{f08d26df-ebfa-4926-95a8-8c4ad2f9aee7}</UniqueIdentifier>
    </Filter>
    <Filter Include="Source Files\Utilities\SmartPtr">
      <UniqueIdentifier>{d5fa8ab5-c6c7-407b-b8d9-32e711faf688}</UniqueIdentifier>
    </Filter>
  </ItemGroup>
  <ItemGroup>
    <ClCompile Include="Source\App.cpp">
      <Filter>Source Files</Filter>
    </ClCompile>
    <ClCompile Include="Source\main.cpp">
      <Filter>Source Files</Filter>
    </ClCompile>
    <ClCompile Include="Source\AppData\AssetManager.cpp">
      <Filter>Source Files\AppData</Filter>
    </ClCompile>
    <ClCompile Include="Source\AppData\Engine.cpp">
      <Filter>Source Files\AppData</Filter>
    </ClCompile>
    <ClCompile Include="Source\AppData\MenuManager.cpp">
      <Filter>Source Files\AppData</Filter>
    </ClCompile>
    <ClCompile Include="Source\AppData\Window.cpp">
      <Filter>Source Files\AppData</Filter>
    </ClCompile>
    <ClCompile Include="Source\GUI\State.cpp">
      <Filter>Source Files\GUI</Filter>
    </ClCompile>
    <ClCompile Include="Source\GUI\StateMachine.cpp">
      <Filter>Source Files\GUI</Filter>
    </ClCompile>
    <ClCompile Include="Source\GUI\Theme.cpp">
      <Filter>Source Files\GUI</Filter>
    </ClCompile>
    <ClCompile Include="Source\GUI\Widgets\Button\Button.cpp">
      <Filter>Source Files\GUI\Widgets\Button</Filter>
    </ClCompile>
    <ClCompile Include="Source\GUI\Widgets\Button\ButtonState.cpp">
      <Filter>Source Files\GUI\Widgets\Button</Filter>
    </ClCompile>
    <ClCompile Include="Source\GUI\Widgets\Text\Text.cpp">
      <Filter>Source Files\GUI\Widgets\Text</Filter>
    </ClCompile>
    <ClCompile Include="Source\Menus\Menu.cpp">
      <Filter>Source Files\Menus</Filter>
    </ClCompile>
    <ClCompile Include="Source\Menus\MenuNode.cpp">
      <Filter>Source Files\Menus</Filter>
    </ClCompile>
    <ClCompile Include="Source\Menus\GameMenu\GameMenu.cpp">
      <Filter>Source Files\Menus\GameMenu</Filter>
    </ClCompile>
    <ClCompile Include="Source\Menus\GameMenu\Platform.cpp">
      <Filter>Source Files\Menus\GameMenu</Filter>
    </ClCompile>
    <ClCompile Include="Source\Menus\GameMenu\PlatformContainer.cpp">
      <Filter>Source Files\Menus\GameMenu</Filter>
    </ClCompile>
    <ClCompile Include="Source\Menus\GameMenu\PreCalculator.cpp">
      <Filter>Source Files\Menus\GameMenu</Filter>
    </ClCompile>
    <ClCompile Include="Source\Menus\GameMenu\Screen.cpp">
      <Filter>Source Files\Menus\GameMenu</Filter>
    </ClCompile>
    <ClCompile Include="Source\Menus\GameMenu\Track.cpp">
      <Filter>Source Files\Menus\GameMenu</Filter>
    </ClCompile>
    <ClCompile Include="Source\Menus\InitMenu\InitMenu.cpp">
      <Filter>Source Files\Menus\InitMenu</Filter>
    </ClCompile>
    <ClCompile Include="Source\Menus\MainMenu\MainMenu.cpp">
      <Filter>Source Files\Menus\MainMenu</Filter>
    </ClCompile>
    <ClCompile Include="Source\Utilities\Math\PolarVector.cpp">
      <Filter>Source Files\Utilities\Math</Filter>
    </ClCompile>
    <ClCompile Include="Source\Utilities\Math\Angle.cpp">
      <Filter>Source Files\Utilities\Math</Filter>
    </ClCompile>
    <ClCompile Include="Source\Utilities\STL\vector.cpp">
      <Filter>Source Files\Utilities\STL</Filter>
    </ClCompile>
    <ClCompile Include="Source\Utilities\STL\string.cpp">
      <Filter>Source Files\Utilities\STL</Filter>
    </ClCompile>
    <ClCompile Include="Source\Menus\GameMenu\Physics.cpp">
      <Filter>Source Files\Menus\GameMenu</Filter>
    </ClCompile>
  </ItemGroup>
  <ItemGroup>
    <ClInclude Include="Source\App.hpp">
      <Filter>Header Files</Filter>
    </ClInclude>
    <ClInclude Include="Source\AppData\AppData.hpp">
      <Filter>Header Files\AppData</Filter>
    </ClInclude>
    <ClInclude Include="Source\AppData\AssetManager.hpp">
      <Filter>Header Files\AppData</Filter>
    </ClInclude>
    <ClInclude Include="Source\AppData\Engine.hpp">
      <Filter>Header Files\AppData</Filter>
    </ClInclude>
    <ClInclude Include="Source\AppData\MenuManager.hpp">
      <Filter>Header Files\AppData</Filter>
    </ClInclude>
    <ClInclude Include="Source\AppData\Window.hpp">
      <Filter>Header Files\AppData</Filter>
    </ClInclude>
    <ClInclude Include="Source\GUI\State.hpp">
      <Filter>Header Files\GUI</Filter>
    </ClInclude>
    <ClInclude Include="Source\GUI\StateMachine.hpp">
      <Filter>Header Files\GUI</Filter>
    </ClInclude>
    <ClInclude Include="Source\GUI\Theme.hpp">
      <Filter>Header Files\GUI</Filter>
    </ClInclude>
    <ClInclude Include="Source\GUI\Widgets\Widget.hpp">
      <Filter>Header Files\GUI\Widgets</Filter>
    </ClInclude>
    <ClInclude Include="Source\GUI\Widgets\Button\Button.hpp">
      <Filter>Header Files\GUI\Widgets\Button</Filter>
    </ClInclude>
    <ClInclude Include="Source\GUI\Widgets\Button\ButtonState.hpp">
      <Filter>Header Files\GUI\Widgets\Button</Filter>
    </ClInclude>
    <ClInclude Include="Source\GUI\Widgets\Text\Text.hpp">
      <Filter>Header Files\GUI\Widgets\Text</Filter>
    </ClInclude>
    <ClInclude Include="Source\Menus\Menu.hpp">
      <Filter>Header Files\Menus</Filter>
    </ClInclude>
    <ClInclude Include="Source\Menus\MenuItem.hpp">
      <Filter>Header Files\Menus</Filter>
    </ClInclude>
    <ClInclude Include="Source\Menus\MenuNode.hpp">
      <Filter>Header Files\Menus</Filter>
    </ClInclude>
    <ClInclude Include="Source\Menus\GameMenu\GameMenu.hpp">
      <Filter>Header Files\Menus\GameMenu</Filter>
    </ClInclude>
    <ClInclude Include="Source\Menus\GameMenu\Platform.hpp">
      <Filter>Header Files\Menus\GameMenu</Filter>
    </ClInclude>
    <ClInclude Include="Source\Menus\GameMenu\PlatformContainer.hpp">
      <Filter>Header Files\Menus\GameMenu</Filter>
    </ClInclude>
    <ClInclude Include="Source\Menus\GameMenu\PreCalculator.hpp">
      <Filter>Header Files\Menus\GameMenu</Filter>
    </ClInclude>
    <ClInclude Include="Source\Menus\GameMenu\Screen.hpp">
      <Filter>Header Files\Menus\GameMenu</Filter>
    </ClInclude>
    <ClInclude Include="Source\Menus\GameMenu\Track.hpp">
      <Filter>Header Files\Menus\GameMenu</Filter>
    </ClInclude>
    <ClInclude Include="Source\Menus\InitMenu\InitMenu.hpp">
      <Filter>Header Files\Menus\InitMenu</Filter>
    </ClInclude>
    <ClInclude Include="Source\Menus\MainMenu\MainMenu.hpp">
      <Filter>Header Files\Menus\MainMenu</Filter>
    </ClInclude>
    <ClInclude Include="Source\Utilities\Math\Math.hpp">
      <Filter>Header Files\Utilities\Math</Filter>
    </ClInclude>
    <ClInclude Include="Source\Utilities\Math\PolarVector.hpp">
      <Filter>Header Files\Utilities\Math</Filter>
    </ClInclude>
    <ClInclude Include="Source\Utilities\Math\Angle.hpp">
      <Filter>Header Files\Utilities\Math</Filter>
    </ClInclude>
    <ClInclude Include="Source\Utilities\STL\string.hpp">
      <Filter>Header Files\Utilities\STL</Filter>
    </ClInclude>
    <ClInclude Include="Source\Utilities\STL\vector.hpp">
      <Filter>Header Files\Utilities\STL</Filter>
    </ClInclude>
    <ClInclude Include="Source\Menus\GameMenu\Physics.hpp">
      <Filter>Header Files\Menus\GameMenu</Filter>
    </ClInclude>
  </ItemGroup>
</Project>